
Microsoft Visual Studio Solution File, Format Version 12.00
# Visual Studio 15
VisualStudioVersion = 15.0.28307.1000
MinimumVisualStudioVersion = 10.0.40219.1
Project("{D2ABAB84-BF74-430A-B69E-9DC6D40DDA17}") = "Zaliczenie", "Zaliczenie\Zaliczenie.dwproj", "{CEC66467-D373-4BC7-A739-B57F57339F08}"
EndProject
Global
	GlobalSection(SolutionConfigurationPlatforms) = preSolution
		Development|Default = Development|Default
	EndGlobalSection
	GlobalSection(ProjectConfigurationPlatforms) = postSolution
		{CEC66467-D373-4BC7-A739-B57F57339F08}.Development|Default.ActiveCfg = Development
		{CEC66467-D373-4BC7-A739-B57F57339F08}.Development|Default.Build.0 = Development
		{CEC66467-D373-4BC7-A739-B57F57339F08}.Development|Default.Deploy.0 = Development
	EndGlobalSection
	GlobalSection(SolutionProperties) = preSolution
		HideSolutionNode = FALSE
	EndGlobalSection
	GlobalSection(ExtensibilityGlobals) = postSolution
		SolutionGuid = {E287A781-032A-426C-B032-A282B23EFF56}
	EndGlobalSection
EndGlobal
